// !$*UTF8*$!
{
	archiveVersion = 1;
	classes = {
	};
	objectVersion = 77;
	objects = {

/* Begin PBXBuildFile section */
		410D59932EB4F6AA008ADFA0 /* FirebaseAuth in Frameworks */ = {isa = PBXBuildFile; productRef = 410D59922EB4F6AA008ADFA0 /* FirebaseAuth */; };
		410F82CE2EB3983F008BC99B /* CountryPicker in Frameworks */ = {isa = PBXBuildFile; productRef = 410F82CD2EB3983F008BC99B /* CountryPicker */; };
		4190884B2EB71A9800BB9F18 /* GoogleSignIn in Frameworks */ = {isa = PBXBuildFile; productRef = 4190884A2EB71A9800BB9F18 /* GoogleSignIn */; };
		4190884D2EB71A9800BB9F18 /* GoogleSignInSwift in Frameworks */ = {isa = PBXBuildFile; productRef = 4190884C2EB71A9800BB9F18 /* GoogleSignInSwift */; };
		41CDA4E02EB4D18400DEE15A /* FirebaseAnalytics in Frameworks */ = {isa = PBXBuildFile; productRef = 41CDA4DF2EB4D18400DEE15A /* FirebaseAnalytics */; };
		41CDA4E22EB4D18400DEE15A /* FirebaseCore in Frameworks */ = {isa = PBXBuildFile; productRef = 41CDA4E12EB4D18400DEE15A /* FirebaseCore */; };
		41DFB35B2EB891260046F3DF /* FirebaseFirestore in Frameworks */ = {isa = PBXBuildFile; productRef = 41DFB35A2EB891260046F3DF /* FirebaseFirestore */; };
/* End PBXBuildFile section */

/* Begin PBXFileReference section */
		418ED4D22EB20CBE00E25DE8 /* OnlineSupermarket.app */ = {isa = PBXFileReference; explicitFileType = wrapper.application; includeInIndex = 0; path = OnlineSupermarket.app; sourceTree = BUILT_PRODUCTS_DIR; };
/* End PBXFileReference section */

/* Begin PBXFileSystemSynchronizedBuildFileExceptionSet section */
		418ED4EF2EB2104200E25DE8 /* Exceptions for "OnlineSupermarket" folder in "OnlineSupermarket" target */ = {
			isa = PBXFileSystemSynchronizedBuildFileExceptionSet;
			membershipExceptions = (
				Info.plist,
			);
			target = 418ED4D12EB20CBE00E25DE8 /* OnlineSupermarket */;
		};
/* End PBXFileSystemSynchronizedBuildFileExceptionSet section */

/* Begin PBXFileSystemSynchronizedRootGroup section */
		418ED4D42EB20CBE00E25DE8 /* OnlineSupermarket */ = {
			isa = PBXFileSystemSynchronizedRootGroup;
			exceptions = (
				418ED4EF2EB2104200E25DE8 /* Exceptions for "OnlineSupermarket" folder in "OnlineSupermarket" target */,
			);
			path = OnlineSupermarket;
			sourceTree = "<group>";
		};
/* End PBXFileSystemSynchronizedRootGroup section */

/* Begin PBXFrameworksBuildPhase section */
		418ED4CF2EB20CBE00E25DE8 /* Frameworks */ = {
			isa = PBXFrameworksBuildPhase;
			buildActionMask = 2147483647;
			files = (
				4190884B2EB71A9800BB9F18 /* GoogleSignIn in Frameworks */,
				41CDA4E02EB4D18400DEE15A /* FirebaseAnalytics in Frameworks */,
				41CDA4E22EB4D18400DEE15A /* FirebaseCore in Frameworks */,
				4190884D2EB71A9800BB9F18 /* GoogleSignInSwift in Frameworks */,
				410F82CE2EB3983F008BC99B /* CountryPicker in Frameworks */,
				410D59932EB4F6AA008ADFA0 /* FirebaseAuth in Frameworks */,
				41DFB35B2EB891260046F3DF /* FirebaseFirestore in Frameworks */,
			);
			runOnlyForDeploymentPostprocessing = 0;
		};
/* End PBXFrameworksBuildPhase section */

/* Begin PBXGroup section */
		410D59912EB4F6AA008ADFA0 /* Frameworks */ = {
			isa = PBXGroup;
			children = (
			);
			name = Frameworks;
			sourceTree = "<group>";
		};
		418ED4C92EB20CBE00E25DE8 = {
			isa = PBXGroup;
			children = (
				418ED4D42EB20CBE00E25DE8 /* OnlineSupermarket */,
				410D59912EB4F6AA008ADFA0 /* Frameworks */,
				418ED4D32EB20CBE00E25DE8 /* Products */,
			);
			sourceTree = "<group>";
		};
		418ED4D32EB20CBE00E25DE8 /* Products */ = {
			isa = PBXGroup;
			children = (
				418ED4D22EB20CBE00E25DE8 /* OnlineSupermarket.app */,
			);
			name = Products;
			sourceTree = "<group>";
		};
/* End PBXGroup section */

/* Begin PBXNativeTarget section */
		418ED4D12EB20CBE00E25DE8 /* OnlineSupermarket */ = {
			isa = PBXNativeTarget;
			buildConfigurationList = 418ED4E02EB20CC000E25DE8 /* Build configuration list for PBXNativeTarget "OnlineSupermarket" */;
			buildPhases = (
				418ED4CE2EB20CBE00E25DE8 /* Sources */,
				418ED4CF2EB20CBE00E25DE8 /* Frameworks */,
				418ED4D02EB20CBE00E25DE8 /* Resources */,
			);
			buildRules = (
			);
			dependencies = (
			);
			fileSystemSynchronizedGroups = (
				418ED4D42EB20CBE00E25DE8 /* OnlineSupermarket */,
			);
			name = OnlineSupermarket;
			packageProductDependencies = (
				410F82CD2EB3983F008BC99B /* CountryPicker */,
				41CDA4DF2EB4D18400DEE15A /* FirebaseAnalytics */,
				41CDA4E12EB4D18400DEE15A /* FirebaseCore */,
				410D59922EB4F6AA008ADFA0 /* FirebaseAuth */,
				4190884A2EB71A9800BB9F18 /* GoogleSignIn */,
				4190884C2EB71A9800BB9F18 /* GoogleSignInSwift */,
				41DFB35A2EB891260046F3DF /* FirebaseFirestore */,
			);
			productName = OnlineSupermarket;
			productReference = 418ED4D22EB20CBE00E25DE8 /* OnlineSupermarket.app */;
			productType = "com.apple.product-type.application";
		};
/* End PBXNativeTarget section */

/* Begin PBXProject section */
		418ED4CA2EB20CBE00E25DE8 /* Project object */ = {
			isa = PBXProject;
			attributes = {
				BuildIndependentTargetsInParallel = 1;
				LastSwiftUpdateCheck = 1600;
				LastUpgradeCheck = 1600;
				TargetAttributes = {
					418ED4D12EB20CBE00E25DE8 = {
						CreatedOnToolsVersion = 16.0;
					};
				};
			};
			buildConfigurationList = 418ED4CD2EB20CBE00E25DE8 /* Build configuration list for PBXProject "OnlineSupermarket" */;
			developmentRegion = en;
			hasScannedForEncodings = 0;
			knownRegions = (
				en,
				Base,
			);
			mainGroup = 418ED4C92EB20CBE00E25DE8;
			minimizedProjectReferenceProxies = 1;
			packageReferences = (
				410F82CC2EB3983E008BC99B /* XCRemoteSwiftPackageReference "CountryPicker" */,
				41CDA4DE2EB4CF0000DEE15A /* XCRemoteSwiftPackageReference "firebase-ios-sdk" */,
				419088492EB71A9800BB9F18 /* XCRemoteSwiftPackageReference "GoogleSignIn-iOS" */,
			);
			preferredProjectObjectVersion = 77;
			productRefGroup = 418ED4D32EB20CBE00E25DE8 /* Products */;
			projectDirPath = "";
			projectRoot = "";
			targets = (
				418ED4D12EB20CBE00E25DE8 /* OnlineSupermarket */,
			);
		};
/* End PBXProject section */

/* Begin PBXResourcesBuildPhase section */
		418ED4D02EB20CBE00E25DE8 /* Resources */ = {
			isa = PBXResourcesBuildPhase;
			buildActionMask = 2147483647;
			files = (
			);
			runOnlyForDeploymentPostprocessing = 0;
		};
/* End PBXResourcesBuildPhase section */

/* Begin PBXSourcesBuildPhase section */
		418ED4CE2EB20CBE00E25DE8 /* Sources */ = {
			isa = PBXSourcesBuildPhase;
			buildActionMask = 2147483647;
			files = (
			);
			runOnlyForDeploymentPostprocessing = 0;
		};
/* End PBXSourcesBuildPhase section */

/* Begin XCBuildConfiguration section */
		418ED4DE2EB20CC000E25DE8 /* Debug */ = {
			isa = XCBuildConfiguration;
			buildSettings = {
				ALWAYS_SEARCH_USER_PATHS = NO;
				ASSETCATALOG_COMPILER_GENERATE_SWIFT_ASSET_SYMBOL_EXTENSIONS = YES;
				CLANG_ANALYZER_NONNULL = YES;
				CLANG_ANALYZER_NUMBER_OBJECT_CONVERSION = YES_AGGRESSIVE;
				CLANG_CXX_LANGUAGE_STANDARD = "gnu++20";
				CLANG_ENABLE_MODULES = YES;
				CLANG_ENABLE_OBJC_ARC = YES;
				CLANG_ENABLE_OBJC_WEAK = YES;
				CLANG_WARN_BLOCK_CAPTURE_AUTORELEASING = YES;
				CLANG_WARN_BOOL_CONVERSION = YES;
				CLANG_WARN_COMMA = YES;
				CLANG_WARN_CONSTANT_CONVERSION = YES;
				CLANG_WARN_DEPRECATED_OBJC_IMPLEMENTATIONS = YES;
				CLANG_WARN_DIRECT_OBJC_ISA_USAGE = YES_ERROR;
				CLANG_WARN_DOCUMENTATION_COMMENTS = YES;
				CLANG_WARN_EMPTY_BODY = YES;
				CLANG_WARN_ENUM_CONVERSION = YES;
				CLANG_WARN_INFINITE_RECURSION = YES;
				CLANG_WARN_INT_CONVERSION = YES;
				CLANG_WARN_NON_LITERAL_NULL_CONVERSION = YES;
				CLANG_WARN_OBJC_IMPLICIT_RETAIN_SELF = YES;
				CLANG_WARN_OBJC_LITERAL_CONVERSION = YES;
				CLANG_WARN_OBJC_ROOT_CLASS = YES_ERROR;
				CLANG_WARN_QUOTED_INCLUDE_IN_FRAMEWORK_HEADER = YES;
				CLANG_WARN_RANGE_LOOP_ANALYSIS = YES;
				CLANG_WARN_STRICT_PROTOTYPES = YES;
				CLANG_WARN_SUSPICIOUS_MOVE = YES;
				CLANG_WARN_UNGUARDED_AVAILABILITY = YES_AGGRESSIVE;
				CLANG_WARN_UNREACHABLE_CODE = YES;
				CLANG_WARN__DUPLICATE_METHOD_MATCH = YES;
				COPY_PHASE_STRIP = NO;
				DEBUG_INFORMATION_FORMAT = dwarf;
				ENABLE_STRICT_OBJC_MSGSEND = YES;
				ENABLE_TESTABILITY = YES;
				ENABLE_USER_SCRIPT_SANDBOXING = YES;
				GCC_C_LANGUAGE_STANDARD = gnu17;
				GCC_DYNAMIC_NO_PIC = NO;
				GCC_NO_COMMON_BLOCKS = YES;
				GCC_OPTIMIZATION_LEVEL = 0;
				GCC_PREPROCESSOR_DEFINITIONS = (
					"DEBUG=1",
					"$(inherited)",
				);
				GCC_WARN_64_TO_32_BIT_CONVERSION = YES;
				GCC_WARN_ABOUT_RETURN_TYPE = YES_ERROR;
				GCC_WARN_UNDECLARED_SELECTOR = YES;
				GCC_WARN_UNINITIALIZED_AUTOS = YES_AGGRESSIVE;
				GCC_WARN_UNUSED_FUNCTION = YES;
				GCC_WARN_UNUSED_VARIABLE = YES;
				IPHONEOS_DEPLOYMENT_TARGET = 18.0;
				LOCALIZATION_PREFERS_STRING_CATALOGS = YES;
				MTL_ENABLE_DEBUG_INFO = INCLUDE_SOURCE;
				MTL_FAST_MATH = YES;
				ONLY_ACTIVE_ARCH = YES;
				SDKROOT = iphoneos;
				SWIFT_ACTIVE_COMPILATION_CONDITIONS = "DEBUG $(inherited)";
				SWIFT_OPTIMIZATION_LEVEL = "-Onone";
			};
			name = Debug;
		};
		418ED4DF2EB20CC000E25DE8 /* Release */ = {
			isa = XCBuildConfiguration;
			buildSettings = {
				ALWAYS_SEARCH_USER_PATHS = NO;
				ASSETCATALOG_COMPILER_GENERATE_SWIFT_ASSET_SYMBOL_EXTENSIONS = YES;
				CLANG_ANALYZER_NONNULL = YES;
				CLANG_ANALYZER_NUMBER_OBJECT_CONVERSION = YES_AGGRESSIVE;
				CLANG_CXX_LANGUAGE_STANDARD = "gnu++20";
				CLANG_ENABLE_MODULES = YES;
				CLANG_ENABLE_OBJC_ARC = YES;
				CLANG_ENABLE_OBJC_WEAK = YES;
				CLANG_WARN_BLOCK_CAPTURE_AUTORELEASING = YES;
				CLANG_WARN_BOOL_CONVERSION = YES;
				CLANG_WARN_COMMA = YES;
				CLANG_WARN_CONSTANT_CONVERSION = YES;
				CLANG_WARN_DEPRECATED_OBJC_IMPLEMENTATIONS = YES;
				CLANG_WARN_DIRECT_OBJC_ISA_USAGE = YES_ERROR;
				CLANG_WARN_DOCUMENTATION_COMMENTS = YES;
				CLANG_WARN_EMPTY_BODY = YES;
				CLANG_WARN_ENUM_CONVERSION = YES;
				CLANG_WARN_INFINITE_RECURSION = YES;
				CLANG_WARN_INT_CONVERSION = YES;
				CLANG_WARN_NON_LITERAL_NULL_CONVERSION = YES;
				CLANG_WARN_OBJC_IMPLICIT_RETAIN_SELF = YES;
				CLANG_WARN_OBJC_LITERAL_CONVERSION = YES;
				CLANG_WARN_OBJC_ROOT_CLASS = YES_ERROR;
				CLANG_WARN_QUOTED_INCLUDE_IN_FRAMEWORK_HEADER = YES;
				CLANG_WARN_RANGE_LOOP_ANALYSIS = YES;
				CLANG_WARN_STRICT_PROTOTYPES = YES;
				CLANG_WARN_SUSPICIOUS_MOVE = YES;
				CLANG_WARN_UNGUARDED_AVAILABILITY = YES_AGGRESSIVE;
				CLANG_WARN_UNREACHABLE_CODE = YES;
				CLANG_WARN__DUPLICATE_METHOD_MATCH = YES;
				COPY_PHASE_STRIP = NO;
				DEBUG_INFORMATION_FORMAT = "dwarf-with-dsym";
				ENABLE_NS_ASSERTIONS = NO;
				ENABLE_STRICT_OBJC_MSGSEND = YES;
				ENABLE_USER_SCRIPT_SANDBOXING = YES;
				GCC_C_LANGUAGE_STANDARD = gnu17;
				GCC_NO_COMMON_BLOCKS = YES;
				GCC_WARN_64_TO_32_BIT_CONVERSION = YES;
				GCC_WARN_ABOUT_RETURN_TYPE = YES_ERROR;
				GCC_WARN_UNDECLARED_SELECTOR = YES;
				GCC_WARN_UNINITIALIZED_AUTOS = YES_AGGRESSIVE;
				GCC_WARN_UNUSED_FUNCTION = YES;
				GCC_WARN_UNUSED_VARIABLE = YES;
				IPHONEOS_DEPLOYMENT_TARGET = 18.0;
				LOCALIZATION_PREFERS_STRING_CATALOGS = YES;
				MTL_ENABLE_DEBUG_INFO = NO;
				MTL_FAST_MATH = YES;
				SDKROOT = iphoneos;
				SWIFT_COMPILATION_MODE = wholemodule;
				VALIDATE_PRODUCT = YES;
			};
			name = Release;
		};
		418ED4E12EB20CC000E25DE8 /* Debug */ = {
			isa = XCBuildConfiguration;
			buildSettings = {
				ASSETCATALOG_COMPILER_APPICON_NAME = AppIcon;
				ASSETCATALOG_COMPILER_GLOBAL_ACCENT_COLOR_NAME = AccentColor;
				CODE_SIGN_STYLE = Automatic;
				CURRENT_PROJECT_VERSION = 1;
				DEVELOPMENT_ASSET_PATHS = "\"OnlineSupermarket/Preview Content\"";
				DEVELOPMENT_TEAM = TB5GR4JKXG;
				ENABLE_PREVIEWS = YES;
				GENERATE_INFOPLIST_FILE = YES;
				INFOPLIST_FILE = OnlineSupermarket/Info.plist;
				INFOPLIST_KEY_UIApplicationSceneManifest_Generation = YES;
				INFOPLIST_KEY_UIApplicationSupportsIndirectInputEvents = YES;
				INFOPLIST_KEY_UILaunchScreen_Generation = YES;
				INFOPLIST_KEY_UIStatusBarHidden = YES;
				INFOPLIST_KEY_UISupportedInterfaceOrientations = UIInterfaceOrientationPortrait;
				INFOPLIST_KEY_UISupportedInterfaceOrientations_iPad = "UIInterfaceOrientationLandscapeLeft UIInterfaceOrientationLandscapeRight UIInterfaceOrientationPortrait UIInterfaceOrientationPortraitUpsideDown";
				IPHONEOS_DEPLOYMENT_TARGET = 18.0;
				LD_RUNPATH_SEARCH_PATHS = (
					"$(inherited)",
					"@executable_path/Frameworks",
				);
				MARKETING_VERSION = 1.0;
				PRODUCT_BUNDLE_IDENTIFIER = com.jeremychew.OnlineSupermarket;
				PRODUCT_NAME = "$(TARGET_NAME)";
				SUPPORTED_PLATFORMS = "iphoneos iphonesimulator";
				SUPPORTS_MACCATALYST = NO;
				SUPPORTS_MAC_DESIGNED_FOR_IPHONE_IPAD = NO;
				SUPPORTS_XR_DESIGNED_FOR_IPHONE_IPAD = NO;
				SWIFT_EMIT_LOC_STRINGS = YES;
				SWIFT_VERSION = 5.0;
				TARGETED_DEVICE_FAMILY = 1;
			};
			name = Debug;
		};
		418ED4E22EB20CC000E25DE8 /* Release */ = {
			isa = XCBuildConfiguration;
			buildSettings = {
				ASSETCATALOG_COMPILER_APPICON_NAME = AppIcon;
				ASSETCATALOG_COMPILER_GLOBAL_ACCENT_COLOR_NAME = AccentColor;
				CODE_SIGN_STYLE = Automatic;
				CURRENT_PROJECT_VERSION = 1;
				DEVELOPMENT_ASSET_PATHS = "\"OnlineSupermarket/Preview Content\"";
				DEVELOPMENT_TEAM = TB5GR4JKXG;
				ENABLE_PREVIEWS = YES;
				GENERATE_INFOPLIST_FILE = YES;
				INFOPLIST_FILE = OnlineSupermarket/Info.plist;
				INFOPLIST_KEY_UIApplicationSceneManifest_Generation = YES;
				INFOPLIST_KEY_UIApplicationSupportsIndirectInputEvents = YES;
				INFOPLIST_KEY_UILaunchScreen_Generation = YES;
				INFOPLIST_KEY_UIStatusBarHidden = YES;
				INFOPLIST_KEY_UISupportedInterfaceOrientations = UIInterfaceOrientationPortrait;
				INFOPLIST_KEY_UISupportedInterfaceOrientations_iPad = "UIInterfaceOrientationLandscapeLeft UIInterfaceOrientationLandscapeRight UIInterfaceOrientationPortrait UIInterfaceOrientationPortraitUpsideDown";
				IPHONEOS_DEPLOYMENT_TARGET = 18.0;
				LD_RUNPATH_SEARCH_PATHS = (
					"$(inherited)",
					"@executable_path/Frameworks",
				);
				MARKETING_VERSION = 1.0;
				PRODUCT_BUNDLE_IDENTIFIER = com.jeremychew.OnlineSupermarket;
				PRODUCT_NAME = "$(TARGET_NAME)";
				SUPPORTED_PLATFORMS = "iphoneos iphonesimulator";
				SUPPORTS_MACCATALYST = NO;
				SUPPORTS_MAC_DESIGNED_FOR_IPHONE_IPAD = NO;
				SUPPORTS_XR_DESIGNED_FOR_IPHONE_IPAD = NO;
				SWIFT_EMIT_LOC_STRINGS = YES;
				SWIFT_VERSION = 5.0;
				TARGETED_DEVICE_FAMILY = 1;
			};
			name = Release;
		};
/* End XCBuildConfiguration section */

/* Begin XCConfigurationList section */
		418ED4CD2EB20CBE00E25DE8 /* Build configuration list for PBXProject "OnlineSupermarket" */ = {
			isa = XCConfigurationList;
			buildConfigurations = (
				418ED4DE2EB20CC000E25DE8 /* Debug */,
				418ED4DF2EB20CC000E25DE8 /* Release */,
			);
			defaultConfigurationIsVisible = 0;
			defaultConfigurationName = Release;
		};
		418ED4E02EB20CC000E25DE8 /* Build configuration list for PBXNativeTarget "OnlineSupermarket" */ = {
			isa = XCConfigurationList;
			buildConfigurations = (
				418ED4E12EB20CC000E25DE8 /* Debug */,
				418ED4E22EB20CC000E25DE8 /* Release */,
			);
			defaultConfigurationIsVisible = 0;
			defaultConfigurationName = Release;
		};
/* End XCConfigurationList section */

/* Begin XCRemoteSwiftPackageReference section */
		410F82CC2EB3983E008BC99B /* XCRemoteSwiftPackageReference "CountryPicker" */ = {
			isa = XCRemoteSwiftPackageReference;
			repositoryURL = "https://github.com/mobven/CountryPicker";
			requirement = {
				kind = upToNextMajorVersion;
				minimumVersion = 2.0.3;
			};
		};
		419088492EB71A9800BB9F18 /* XCRemoteSwiftPackageReference "GoogleSignIn-iOS" */ = {
			isa = XCRemoteSwiftPackageReference;
			repositoryURL = "https://github.com/google/GoogleSignIn-iOS.git";
			requirement = {
				kind = upToNextMajorVersion;
				minimumVersion = 9.0.0;
			};
		};
		41CDA4DE2EB4CF0000DEE15A /* XCRemoteSwiftPackageReference "firebase-ios-sdk" */ = {
			isa = XCRemoteSwiftPackageReference;
			repositoryURL = "https://github.com/firebase/firebase-ios-sdk";
			requirement = {
				kind = upToNextMajorVersion;
				minimumVersion = 12.5.0;
			};
		};
/* End XCRemoteSwiftPackageReference section */

/* Begin XCSwiftPackageProductDependency section */
		410D59922EB4F6AA008ADFA0 /* FirebaseAuth */ = {
			isa = XCSwiftPackageProductDependency;
			package = 41CDA4DE2EB4CF0000DEE15A /* XCRemoteSwiftPackageReference "firebase-ios-sdk" */;
			productName = FirebaseAuth;
		};
		410F82CD2EB3983F008BC99B /* CountryPicker */ = {
			isa = XCSwiftPackageProductDependency;
			package = 410F82CC2EB3983E008BC99B /* XCRemoteSwiftPackageReference "CountryPicker" */;
			productName = CountryPicker;
		};
		4190884A2EB71A9800BB9F18 /* GoogleSignIn */ = {
			isa = XCSwiftPackageProductDependency;
			package = 419088492EB71A9800BB9F18 /* XCRemoteSwiftPackageReference "GoogleSignIn-iOS" */;
			productName = GoogleSignIn;
		};
		4190884C2EB71A9800BB9F18 /* GoogleSignInSwift */ = {
			isa = XCSwiftPackageProductDependency;
			package = 419088492EB71A9800BB9F18 /* XCRemoteSwiftPackageReference "GoogleSignIn-iOS" */;
			productName = GoogleSignInSwift;
		};
		41CDA4DF2EB4D18400DEE15A /* FirebaseAnalytics */ = {
			isa = XCSwiftPackageProductDependency;
			package = 41CDA4DE2EB4CF0000DEE15A /* XCRemoteSwiftPackageReference "firebase-ios-sdk" */;
			productName = FirebaseAnalytics;
		};
		41CDA4E12EB4D18400DEE15A /* FirebaseCore */ = {
			isa = XCSwiftPackageProductDependency;
			package = 41CDA4DE2EB4CF0000DEE15A /* XCRemoteSwiftPackageReference "firebase-ios-sdk" */;
			productName = FirebaseCore;
		};
		41DFB35A2EB891260046F3DF /* FirebaseFirestore */ = {
			isa = XCSwiftPackageProductDependency;
			package = 41CDA4DE2EB4CF0000DEE15A /* XCRemoteSwiftPackageReference "firebase-ios-sdk" */;
			productName = FirebaseFirestore;
		};
/* End XCSwiftPackageProductDependency section */
	};
	rootObject = 418ED4CA2EB20CBE00E25DE8 /* Project object */;
}
